
Microsoft Visual Studio Solution File, Format Version 12.00
# Visual Studio 15
VisualStudioVersion = 15.0.28307.645
MinimumVisualStudioVersion = 10.0.40219.1
Project("{FAE04EC0-301F-11D3-BF4B-00C04F79EFBC}") = "labs_nmcs", "labs_nmcs\labs_nmcs.csproj", "{10686A55-384C-4F2B-B0C9-1F007937DD23}"
EndProject
Global
	GlobalSection(SolutionConfigurationPlatforms) = preSolution
		Debug|Any CPU = Debug|Any CPU
		Release|Any CPU = Release|Any CPU
	EndGlobalSection
	GlobalSection(ProjectConfigurationPlatforms) = postSolution
		{10686A55-384C-4F2B-B0C9-1F007937DD23}.Debug|Any CPU.ActiveCfg = Debug|Any CPU
		{10686A55-384C-4F2B-B0C9-1F007937DD23}.Debug|Any CPU.Build.0 = Debug|Any CPU
		{10686A55-384C-4F2B-B0C9-1F007937DD23}.Release|Any CPU.ActiveCfg = Release|Any CPU
		{10686A55-384C-4F2B-B0C9-1F007937DD23}.Release|Any CPU.Build.0 = Release|Any CPU
	EndGlobalSection
	GlobalSection(SolutionProperties) = preSolution
		HideSolutionNode = FALSE
	EndGlobalSection
	GlobalSection(ExtensibilityGlobals) = postSolution
		SolutionGuid = {F9D86A3D-15EE-4384-92B7-A92B863A6BE9}
	EndGlobalSection
EndGlobal
